
Microsoft Visual Studio Solution File, Format Version 12.00
# Visual Studio 14
VisualStudioVersion = 14.0.25420.1
MinimumVisualStudioVersion = 10.0.40219.1
Project("{FAE04EC0-301F-11D3-BF4B-00C04F79EFBC}") = "PizzaOrderApp", "PizzaOrderApp\PizzaOrderApp.csproj", "{281EAF5B-8149-4416-AAE0-21349D0CB158}"
EndProject
Global
	GlobalSection(SolutionConfigurationPlatforms) = preSolution
		Debug|Any CPU = Debug|Any CPU
		Release|Any CPU = Release|Any CPU
	EndGlobalSection
	GlobalSection(ProjectConfigurationPlatforms) = postSolution
		{281EAF5B-8149-4416-AAE0-21349D0CB158}.Debug|Any CPU.ActiveCfg = Debug|Any CPU
		{281EAF5B-8149-4416-AAE0-21349D0CB158}.Debug|Any CPU.Build.0 = Debug|Any CPU
		{281EAF5B-8149-4416-AAE0-21349D0CB158}.Release|Any CPU.ActiveCfg = Release|Any CPU
		{281EAF5B-8149-4416-AAE0-21349D0CB158}.Release|Any CPU.Build.0 = Release|Any CPU
	EndGlobalSection
	GlobalSection(SolutionProperties) = preSolution
		HideSolutionNode = FALSE
	EndGlobalSection
EndGlobal
